PODS:
  - ASPinboard (0.0.3):
    - hpple (~> 0.2.0)
  - hpple (0.2.0)

DEPENDENCIES:
  - ASPinboard (from `.`)
  - hpple (= 0.2.0)

EXTERNAL SOURCES:
  ASPinboard:
    :path: .

SPEC CHECKSUMS:
  ASPinboard: 80ace27c6db2ac7681d2851b6ba9460d68243bd7
  hpple: 3b765f96fc2cd56ad1a49aef6f7be5cb2aa64b57

PODFILE CHECKSUM: b7fcebd0a5a581d90b7ff46874d54db492ff1b36

COCOAPODS: 1.3.1
